// !$*UTF8*$!
{
	archiveVersion = 1;
	classes = {
	};
	objectVersion = 56;
	objects = {

/* Begin PBXBuildFile section */
		24B15CC329DC062000CBC959 /* APICaller.swift in Sources */ = {isa = PBXBuildFile; fileRef = 24B15CC229DC062000CBC959 /* APICaller.swift */; };
		24B15CC829DC28F700CBC959 /* Movie.swift in Sources */ = {isa = PBXBuildFile; fileRef = 24B15CC729DC28F700CBC959 /* Movie.swift */; };
		2C6D90D329DC6D6500FC34BB /* Realm in Frameworks */ = {isa = PBXBuildFile; productRef = 2C6D90D229DC6D6500FC34BB /* Realm */; };
		2C6D90D529DC6D6500FC34BB /* RealmSwift in Frameworks */ = {isa = PBXBuildFile; productRef = 2C6D90D429DC6D6500FC34BB /* RealmSwift */; };
		2C6D90D829DC6D7200FC34BB /* SnapKit in Frameworks */ = {isa = PBXBuildFile; productRef = 2C6D90D729DC6D7200FC34BB /* SnapKit */; };
		2C6D90DB29DC6EF400FC34BB /* FilmTableViewCell.swift in Sources */ = {isa = PBXBuildFile; fileRef = 2C6D90DA29DC6EF400FC34BB /* FilmTableViewCell.swift */; };
		A13034DB29DC7E1100703F86 /* UIColor + Extensions.swift in Sources */ = {isa = PBXBuildFile; fileRef = A13034DA29DC7E1100703F86 /* UIColor + Extensions.swift */; };
		A1613D2729D8A046000EB1B5 /* Resources.swift in Sources */ = {isa = PBXBuildFile; fileRef = A1613D2629D8A046000EB1B5 /* Resources.swift */; };
		A1613D2A29DA1BA5000EB1B5 /* HomeVC.swift in Sources */ = {isa = PBXBuildFile; fileRef = A1613D2929DA1BA5000EB1B5 /* HomeVC.swift */; };
		A1613D2D29DA25EF000EB1B5 /* SearchVC.swift in Sources */ = {isa = PBXBuildFile; fileRef = A1613D2C29DA25EF000EB1B5 /* SearchVC.swift */; };
		A1613D3029DA260E000EB1B5 /* RecentVideoVC.swift in Sources */ = {isa = PBXBuildFile; fileRef = A1613D2F29DA260E000EB1B5 /* RecentVideoVC.swift */; };
		A1613D3329DA2633000EB1B5 /* FavoritesViewController.swift in Sources */ = {isa = PBXBuildFile; fileRef = A1613D3229DA2633000EB1B5 /* FavoritesViewController.swift */; };
		A1613D3629DA2652000EB1B5 /* SettingsVC.swift in Sources */ = {isa = PBXBuildFile; fileRef = A1613D3529DA2652000EB1B5 /* SettingsVC.swift */; };
		A1613D3829DA2861000EB1B5 /* UIImage + Extensions.swift in Sources */ = {isa = PBXBuildFile; fileRef = A1613D3729DA2861000EB1B5 /* UIImage + Extensions.swift */; };
		A1613D3C29DB748E000EB1B5 /* TabBarVC.swift in Sources */ = {isa = PBXBuildFile; fileRef = A1613D3B29DB748E000EB1B5 /* TabBarVC.swift */; };
		A17C9DD029D84F8700413796 /* AppDelegate.swift in Sources */ = {isa = PBXBuildFile; fileRef = A17C9DCF29D84F8700413796 /* AppDelegate.swift */; };
		A17C9DD229D84F8700413796 /* SceneDelegate.swift in Sources */ = {isa = PBXBuildFile; fileRef = A17C9DD129D84F8700413796 /* SceneDelegate.swift */; };
		A17C9DD929D84F8800413796 /* Assets.xcassets in Resources */ = {isa = PBXBuildFile; fileRef = A17C9DD829D84F8800413796 /* Assets.xcassets */; };
		A17C9DDC29D84F8800413796 /* LaunchScreen.storyboard in Resources */ = {isa = PBXBuildFile; fileRef = A17C9DDA29D84F8800413796 /* LaunchScreen.storyboard */; };
		A1CD8EEB29DCA9FE00E7F6B6 /* FirebaseAnalytics in Frameworks */ = {isa = PBXBuildFile; productRef = A1CD8ECF29DCA2D100E7F6B6 /* FirebaseAnalytics */; };
		A1CD8EEC29DCA9FE00E7F6B6 /* FirebaseAnalyticsSwift in Frameworks */ = {isa = PBXBuildFile; productRef = A1CD8ED129DCA2D100E7F6B6 /* FirebaseAnalyticsSwift */; };
		A1CD8EED29DCA9FE00E7F6B6 /* FirebaseAuth in Frameworks */ = {isa = PBXBuildFile; productRef = A1CD8ED329DCA2D100E7F6B6 /* FirebaseAuth */; };
		A1CD8EEE29DCA9FE00E7F6B6 /* FirebaseDatabase in Frameworks */ = {isa = PBXBuildFile; productRef = A1CD8ED529DCA2D100E7F6B6 /* FirebaseDatabase */; };
		A1CD8EEF29DCA9FE00E7F6B6 /* FirebaseDatabaseSwift in Frameworks */ = {isa = PBXBuildFile; productRef = A1CD8ED729DCA2D100E7F6B6 /* FirebaseDatabaseSwift */; };
		A1CD8EF029DCA9FE00E7F6B6 /* FirebaseFirestore in Frameworks */ = {isa = PBXBuildFile; productRef = A1CD8ED929DCA2D100E7F6B6 /* FirebaseFirestore */; };
		A1CD8EF129DCA9FE00E7F6B6 /* FirebaseFirestoreSwift in Frameworks */ = {isa = PBXBuildFile; productRef = A1CD8EDB29DCA2D100E7F6B6 /* FirebaseFirestoreSwift */; };
		A1CD8EF229DCA9FE00E7F6B6 /* FirebaseStorage in Frameworks */ = {isa = PBXBuildFile; productRef = A1CD8EDD29DCA2D100E7F6B6 /* FirebaseStorage */; };
		A1CD8EF329DCA9FE00E7F6B6 /* Kingfisher in Frameworks */ = {isa = PBXBuildFile; productRef = A1CD8EE029DCA88000E7F6B6 /* Kingfisher */; };
		A1CD8EF529DCAAC600E7F6B6 /* GoogleService-Info.plist in Resources */ = {isa = PBXBuildFile; fileRef = A1CD8EF429DCAAC600E7F6B6 /* GoogleService-Info.plist */; };
		FCEE143829DCA084006B6109 /* SearchView.swift in Sources */ = {isa = PBXBuildFile; fileRef = FCEE143729DCA084006B6109 /* SearchView.swift */; };
		FCEE143B29DCA0A4006B6109 /* UIView + Extensions.swift in Sources */ = {isa = PBXBuildFile; fileRef = FCEE143929DCA0A4006B6109 /* UIView + Extensions.swift */; };
		FCEE143C29DCA0A4006B6109 /* UITextField + Extensions.swift in Sources */ = {isa = PBXBuildFile; fileRef = FCEE143A29DCA0A4006B6109 /* UITextField + Extensions.swift */; };
		FCEE143F29DCA0CF006B6109 /* CategoryCell.swift in Sources */ = {isa = PBXBuildFile; fileRef = FCEE143E29DCA0CF006B6109 /* CategoryCell.swift */; };
/* End PBXBuildFile section */

/* Begin PBXFileReference section */
		24B15CC229DC062000CBC959 /* APICaller.swift */ = {isa = PBXFileReference; lastKnownFileType = sourcecode.swift; path = APICaller.swift; sourceTree = "<group>"; };
		24B15CC729DC28F700CBC959 /* Movie.swift */ = {isa = PBXFileReference; lastKnownFileType = sourcecode.swift; path = Movie.swift; sourceTree = "<group>"; };
		2C6D90DA29DC6EF400FC34BB /* FilmTableViewCell.swift */ = {isa = PBXFileReference; lastKnownFileType = sourcecode.swift; path = FilmTableViewCell.swift; sourceTree = "<group>"; };
		A13034DA29DC7E1100703F86 /* UIColor + Extensions.swift */ = {isa = PBXFileReference; fileEncoding = 4; lastKnownFileType = sourcecode.swift; path = "UIColor + Extensions.swift"; sourceTree = "<group>"; };
		A1613D2629D8A046000EB1B5 /* Resources.swift */ = {isa = PBXFileReference; lastKnownFileType = sourcecode.swift; path = Resources.swift; sourceTree = "<group>"; };
		A1613D2929DA1BA5000EB1B5 /* HomeVC.swift */ = {isa = PBXFileReference; lastKnownFileType = sourcecode.swift; path = HomeVC.swift; sourceTree = "<group>"; };
		A1613D2C29DA25EF000EB1B5 /* SearchVC.swift */ = {isa = PBXFileReference; lastKnownFileType = sourcecode.swift; path = SearchVC.swift; sourceTree = "<group>"; };
		A1613D2F29DA260E000EB1B5 /* RecentVideoVC.swift */ = {isa = PBXFileReference; lastKnownFileType = sourcecode.swift; path = RecentVideoVC.swift; sourceTree = "<group>"; };
		A1613D3229DA2633000EB1B5 /* FavoritesViewController.swift */ = {isa = PBXFileReference; lastKnownFileType = sourcecode.swift; path = FavoritesViewController.swift; sourceTree = "<group>"; };
		A1613D3529DA2652000EB1B5 /* SettingsVC.swift */ = {isa = PBXFileReference; lastKnownFileType = sourcecode.swift; path = SettingsVC.swift; sourceTree = "<group>"; };
		A1613D3729DA2861000EB1B5 /* UIImage + Extensions.swift */ = {isa = PBXFileReference; lastKnownFileType = sourcecode.swift; path = "UIImage + Extensions.swift"; sourceTree = "<group>"; };
		A1613D3B29DB748E000EB1B5 /* TabBarVC.swift */ = {isa = PBXFileReference; lastKnownFileType = sourcecode.swift; path = TabBarVC.swift; sourceTree = "<group>"; };
		A17C9DCC29D84F8700413796 /* FilmFusion.app */ = {isa = PBXFileReference; explicitFileType = wrapper.application; includeInIndex = 0; path = FilmFusion.app; sourceTree = BUILT_PRODUCTS_DIR; };
		A17C9DCF29D84F8700413796 /* AppDelegate.swift */ = {isa = PBXFileReference; lastKnownFileType = sourcecode.swift; path = AppDelegate.swift; sourceTree = "<group>"; };
		A17C9DD129D84F8700413796 /* SceneDelegate.swift */ = {isa = PBXFileReference; lastKnownFileType = sourcecode.swift; path = SceneDelegate.swift; sourceTree = "<group>"; };
		A17C9DD829D84F8800413796 /* Assets.xcassets */ = {isa = PBXFileReference; lastKnownFileType = folder.assetcatalog; path = Assets.xcassets; sourceTree = "<group>"; };
		A17C9DDB29D84F8800413796 /* Base */ = {isa = PBXFileReference; lastKnownFileType = file.storyboard; name = Base; path = Base.lproj/LaunchScreen.storyboard; sourceTree = "<group>"; };
		A17C9DDD29D84F8800413796 /* Info.plist */ = {isa = PBXFileReference; lastKnownFileType = text.plist.xml; path = Info.plist; sourceTree = "<group>"; };
		A1CD8EF429DCAAC600E7F6B6 /* GoogleService-Info.plist */ = {isa = PBXFileReference; fileEncoding = 4; lastKnownFileType = text.plist.xml; path = "GoogleService-Info.plist"; sourceTree = "<group>"; };
		FCEE143729DCA084006B6109 /* SearchView.swift */ = {isa = PBXFileReference; fileEncoding = 4; lastKnownFileType = sourcecode.swift; path = SearchView.swift; sourceTree = "<group>"; };
		FCEE143929DCA0A4006B6109 /* UIView + Extensions.swift */ = {isa = PBXFileReference; fileEncoding = 4; lastKnownFileType = sourcecode.swift; path = "UIView + Extensions.swift"; sourceTree = "<group>"; };
		FCEE143A29DCA0A4006B6109 /* UITextField + Extensions.swift */ = {isa = PBXFileReference; fileEncoding = 4; lastKnownFileType = sourcecode.swift; path = "UITextField + Extensions.swift"; sourceTree = "<group>"; };
		FCEE143E29DCA0CF006B6109 /* CategoryCell.swift */ = {isa = PBXFileReference; fileEncoding = 4; lastKnownFileType = sourcecode.swift; path = CategoryCell.swift; sourceTree = "<group>"; };
/* End PBXFileReference section */

/* Begin PBXFrameworksBuildPhase section */
		A17C9DC929D84F8700413796 /* Frameworks */ = {
			isa = PBXFrameworksBuildPhase;
			buildActionMask = 2147483647;
			files = (
				A1CD8EF329DCA9FE00E7F6B6 /* Kingfisher in Frameworks */,
				A1CD8EF229DCA9FE00E7F6B6 /* FirebaseStorage in Frameworks */,
				A1CD8EF129DCA9FE00E7F6B6 /* FirebaseFirestoreSwift in Frameworks */,
				A1CD8EF029DCA9FE00E7F6B6 /* FirebaseFirestore in Frameworks */,
				A1CD8EEF29DCA9FE00E7F6B6 /* FirebaseDatabaseSwift in Frameworks */,
				A1CD8EEE29DCA9FE00E7F6B6 /* FirebaseDatabase in Frameworks */,
				A1CD8EED29DCA9FE00E7F6B6 /* FirebaseAuth in Frameworks */,
				A1CD8EEC29DCA9FE00E7F6B6 /* FirebaseAnalyticsSwift in Frameworks */,
				A1CD8EEB29DCA9FE00E7F6B6 /* FirebaseAnalytics in Frameworks */,
				2C6D90D829DC6D7200FC34BB /* SnapKit in Frameworks */,
				2C6D90D529DC6D6500FC34BB /* RealmSwift in Frameworks */,
				2C6D90D329DC6D6500FC34BB /* Realm in Frameworks */,
			);
			runOnlyForDeploymentPostprocessing = 0;
		};
/* End PBXFrameworksBuildPhase section */

/* Begin PBXGroup section */
		24B15CC129DC061100CBC959 /* Managers */ = {
			isa = PBXGroup;
			children = (
				24B15CC229DC062000CBC959 /* APICaller.swift */,
			);
			path = Managers;
			sourceTree = "<group>";
		};
		24B15CC429DC064A00CBC959 /* Models */ = {
			isa = PBXGroup;
			children = (
				24B15CC729DC28F700CBC959 /* Movie.swift */,
			);
			path = Models;
			sourceTree = "<group>";
		};
		2C6D90D929DC6ED700FC34BB /* View */ = {
			isa = PBXGroup;
			children = (
				2C6D90DA29DC6EF400FC34BB /* FilmTableViewCell.swift */,
			);
			path = View;
			sourceTree = "<group>";
		};
		A1613D1B29D8615E000EB1B5 /* Application */ = {
			isa = PBXGroup;
			children = (
				A17C9DCF29D84F8700413796 /* AppDelegate.swift */,
				A17C9DD129D84F8700413796 /* SceneDelegate.swift */,
			);
			path = Application;
			sourceTree = "<group>";
		};
		A1613D1C29D86170000EB1B5 /* Resources */ = {
			isa = PBXGroup;
			children = (
				A17C9DDA29D84F8800413796 /* LaunchScreen.storyboard */,
				A17C9DD829D84F8800413796 /* Assets.xcassets */,
				A17C9DDD29D84F8800413796 /* Info.plist */,
			);
			path = Resources;
			sourceTree = "<group>";
		};
		A1613D1D29D86179000EB1B5 /* Screens */ = {
			isa = PBXGroup;
			children = (
				A1613D1F29D89BE1000EB1B5 /* TabBar */,
				A1613D2B29DA25DB000EB1B5 /* Search */,
				A1613D2E29DA25F9000EB1B5 /* RecentVideo */,
				A1613D2829DA1B8D000EB1B5 /* Home */,
				A1613D3129DA2618000EB1B5 /* Favorites */,
				A1613D3429DA263C000EB1B5 /* Settings */,
			);
			path = Screens;
			sourceTree = "<group>";
		};
		A1613D1F29D89BE1000EB1B5 /* TabBar */ = {
			isa = PBXGroup;
			children = (
				A1613D3B29DB748E000EB1B5 /* TabBarVC.swift */,
			);
			path = TabBar;
			sourceTree = "<group>";
		};
		A1613D2229D89D78000EB1B5 /* Helpers */ = {
			isa = PBXGroup;
			children = (
				A1613D2529D89E24000EB1B5 /* Extensions */,
				A1613D2629D8A046000EB1B5 /* Resources.swift */,
			);
			path = Helpers;
			sourceTree = "<group>";
		};
		A1613D2529D89E24000EB1B5 /* Extensions */ = {
			isa = PBXGroup;
			children = (
				FCEE143A29DCA0A4006B6109 /* UITextField + Extensions.swift */,
				FCEE143929DCA0A4006B6109 /* UIView + Extensions.swift */,
				A13034DA29DC7E1100703F86 /* UIColor + Extensions.swift */,
				A1613D3729DA2861000EB1B5 /* UIImage + Extensions.swift */,
			);
			path = Extensions;
			sourceTree = "<group>";
		};
		A1613D2829DA1B8D000EB1B5 /* Home */ = {
			isa = PBXGroup;
			children = (
				A1613D2929DA1BA5000EB1B5 /* HomeVC.swift */,
			);
			path = Home;
			sourceTree = "<group>";
		};
		A1613D2B29DA25DB000EB1B5 /* Search */ = {
			isa = PBXGroup;
			children = (
				FCEE143D29DCA0C1006B6109 /* Cells */,
				FCEE143629DCA05A006B6109 /* View */,
				FCEE143529DCA050006B6109 /* Controller */,
			);
			path = Search;
			sourceTree = "<group>";
		};
		A1613D2E29DA25F9000EB1B5 /* RecentVideo */ = {
			isa = PBXGroup;
			children = (
				A1613D2F29DA260E000EB1B5 /* RecentVideoVC.swift */,
			);
			path = RecentVideo;
			sourceTree = "<group>";
		};
		A1613D3129DA2618000EB1B5 /* Favorites */ = {
			isa = PBXGroup;
			children = (
				2C6D90D929DC6ED700FC34BB /* View */,
				A1613D3229DA2633000EB1B5 /* FavoritesViewController.swift */,
			);
			path = Favorites;
			sourceTree = "<group>";
		};
		A1613D3429DA263C000EB1B5 /* Settings */ = {
			isa = PBXGroup;
			children = (
				A1613D3529DA2652000EB1B5 /* SettingsVC.swift */,
			);
			path = Settings;
			sourceTree = "<group>";
		};
		A17C9DC329D84F8700413796 = {
			isa = PBXGroup;
			children = (
				A17C9DCE29D84F8700413796 /* FilmFusion */,
				A17C9DCD29D84F8700413796 /* Products */,
			);
			sourceTree = "<group>";
		};
		A17C9DCD29D84F8700413796 /* Products */ = {
			isa = PBXGroup;
			children = (
				A17C9DCC29D84F8700413796 /* FilmFusion.app */,
			);
			name = Products;
			sourceTree = "<group>";
		};
		A17C9DCE29D84F8700413796 /* FilmFusion */ = {
			isa = PBXGroup;
			children = (
				A1CD8EF429DCAAC600E7F6B6 /* GoogleService-Info.plist */,
				24B15CC129DC061100CBC959 /* Managers */,
				24B15CC429DC064A00CBC959 /* Models */,
				A1613D1B29D8615E000EB1B5 /* Application */,
				A1613D1D29D86179000EB1B5 /* Screens */,
				A1613D2229D89D78000EB1B5 /* Helpers */,
				A1613D1C29D86170000EB1B5 /* Resources */,
			);
			path = FilmFusion;
			sourceTree = "<group>";
		};
		FCEE143529DCA050006B6109 /* Controller */ = {
			isa = PBXGroup;
			children = (
				A1613D2C29DA25EF000EB1B5 /* SearchVC.swift */,
			);
			path = Controller;
			sourceTree = "<group>";
		};
		FCEE143629DCA05A006B6109 /* View */ = {
			isa = PBXGroup;
			children = (
				FCEE143729DCA084006B6109 /* SearchView.swift */,
			);
			path = View;
			sourceTree = "<group>";
		};
		FCEE143D29DCA0C1006B6109 /* Cells */ = {
			isa = PBXGroup;
			children = (
				FCEE143E29DCA0CF006B6109 /* CategoryCell.swift */,
			);
			path = Cells;
			sourceTree = "<group>";
		};
/* End PBXGroup section */

/* Begin PBXNativeTarget section */
		A17C9DCB29D84F8700413796 /* FilmFusion */ = {
			isa = PBXNativeTarget;
			buildConfigurationList = A17C9DE029D84F8800413796 /* Build configuration list for PBXNativeTarget "FilmFusion" */;
			buildPhases = (
				A17C9DC829D84F8700413796 /* Sources */,
				A17C9DC929D84F8700413796 /* Frameworks */,
				A17C9DCA29D84F8700413796 /* Resources */,
			);
			buildRules = (
			);
			dependencies = (
			);
			name = FilmFusion;
			packageProductDependencies = (
				2C6D90D229DC6D6500FC34BB /* Realm */,
				2C6D90D429DC6D6500FC34BB /* RealmSwift */,
				2C6D90D729DC6D7200FC34BB /* SnapKit */,
				A1CD8ECF29DCA2D100E7F6B6 /* FirebaseAnalytics */,
				A1CD8ED129DCA2D100E7F6B6 /* FirebaseAnalyticsSwift */,
				A1CD8ED329DCA2D100E7F6B6 /* FirebaseAuth */,
				A1CD8ED529DCA2D100E7F6B6 /* FirebaseDatabase */,
				A1CD8ED729DCA2D100E7F6B6 /* FirebaseDatabaseSwift */,
				A1CD8ED929DCA2D100E7F6B6 /* FirebaseFirestore */,
				A1CD8EDB29DCA2D100E7F6B6 /* FirebaseFirestoreSwift */,
				A1CD8EDD29DCA2D100E7F6B6 /* FirebaseStorage */,
				A1CD8EE029DCA88000E7F6B6 /* Kingfisher */,
			);
			productName = FilmFusion;
			productReference = A17C9DCC29D84F8700413796 /* FilmFusion.app */;
			productType = "com.apple.product-type.application";
		};
/* End PBXNativeTarget section */

/* Begin PBXProject section */
		A17C9DC429D84F8700413796 /* Project object */ = {
			isa = PBXProject;
			attributes = {
				BuildIndependentTargetsInParallel = 1;
				LastSwiftUpdateCheck = 1430;
				LastUpgradeCheck = 1430;
				TargetAttributes = {
					A17C9DCB29D84F8700413796 = {
						CreatedOnToolsVersion = 14.3;
					};
				};
			};
			buildConfigurationList = A17C9DC729D84F8700413796 /* Build configuration list for PBXProject "FilmFusion" */;
			compatibilityVersion = "Xcode 14.0";
			developmentRegion = en;
			hasScannedForEncodings = 0;
			knownRegions = (
				en,
				Base,
			);
			mainGroup = A17C9DC329D84F8700413796;
			packageReferences = (
				2C6D90D129DC6D6500FC34BB /* XCRemoteSwiftPackageReference "realm-swift" */,
				2C6D90D629DC6D7200FC34BB /* XCRemoteSwiftPackageReference "SnapKit" */,
				A1CD8ECE29DCA2D100E7F6B6 /* XCRemoteSwiftPackageReference "firebase-ios-sdk" */,
				A1CD8EDF29DCA88000E7F6B6 /* XCRemoteSwiftPackageReference "Kingfisher" */,
			);
			productRefGroup = A17C9DCD29D84F8700413796 /* Products */;
			projectDirPath = "";
			projectRoot = "";
			targets = (
				A17C9DCB29D84F8700413796 /* FilmFusion */,
			);
		};
/* End PBXProject section */

/* Begin PBXResourcesBuildPhase section */
		A17C9DCA29D84F8700413796 /* Resources */ = {
			isa = PBXResourcesBuildPhase;
			buildActionMask = 2147483647;
			files = (
				A17C9DDC29D84F8800413796 /* LaunchScreen.storyboard in Resources */,
				A17C9DD929D84F8800413796 /* Assets.xcassets in Resources */,
				A1CD8EF529DCAAC600E7F6B6 /* GoogleService-Info.plist in Resources */,
			);
			runOnlyForDeploymentPostprocessing = 0;
		};
/* End PBXResourcesBuildPhase section */

/* Begin PBXSourcesBuildPhase section */
		A17C9DC829D84F8700413796 /* Sources */ = {
			isa = PBXSourcesBuildPhase;
			buildActionMask = 2147483647;
			files = (
				24B15CC829DC28F700CBC959 /* Movie.swift in Sources */,
				A17C9DD029D84F8700413796 /* AppDelegate.swift in Sources */,
				A1613D2A29DA1BA5000EB1B5 /* HomeVC.swift in Sources */,
				FCEE143C29DCA0A4006B6109 /* UITextField + Extensions.swift in Sources */,
				A13034DB29DC7E1100703F86 /* UIColor + Extensions.swift in Sources */,
				FCEE143F29DCA0CF006B6109 /* CategoryCell.swift in Sources */,
				A1613D2729D8A046000EB1B5 /* Resources.swift in Sources */,
				A1613D3329DA2633000EB1B5 /* FavoritesViewController.swift in Sources */,
				2C6D90DB29DC6EF400FC34BB /* FilmTableViewCell.swift in Sources */,
				A17C9DD229D84F8700413796 /* SceneDelegate.swift in Sources */,
				FCEE143B29DCA0A4006B6109 /* UIView + Extensions.swift in Sources */,
				24B15CC329DC062000CBC959 /* APICaller.swift in Sources */,
				A1613D2D29DA25EF000EB1B5 /* SearchVC.swift in Sources */,
				FCEE143829DCA084006B6109 /* SearchView.swift in Sources */,
				A1613D3829DA2861000EB1B5 /* UIImage + Extensions.swift in Sources */,
				A1613D3029DA260E000EB1B5 /* RecentVideoVC.swift in Sources */,
				A1613D3629DA2652000EB1B5 /* SettingsVC.swift in Sources */,
				A1613D3C29DB748E000EB1B5 /* TabBarVC.swift in Sources */,
			);
			runOnlyForDeploymentPostprocessing = 0;
		};
/* End PBXSourcesBuildPhase section */

/* Begin PBXVariantGroup section */
		A17C9DDA29D84F8800413796 /* LaunchScreen.storyboard */ = {
			isa = PBXVariantGroup;
			children = (
				A17C9DDB29D84F8800413796 /* Base */,
			);
			name = LaunchScreen.storyboard;
			sourceTree = "<group>";
		};
/* End PBXVariantGroup section */

/* Begin XCBuildConfiguration section */
		A17C9DDE29D84F8800413796 /* Debug */ = {
			isa = XCBuildConfiguration;
			buildSettings = {
				ALWAYS_SEARCH_USER_PATHS = NO;
				CLANG_ANALYZER_NONNULL = YES;
				CLANG_ANALYZER_NUMBER_OBJECT_CONVERSION = YES_AGGRESSIVE;
				CLANG_CXX_LANGUAGE_STANDARD = "gnu++20";
				CLANG_ENABLE_MODULES = YES;
				CLANG_ENABLE_OBJC_ARC = YES;
				CLANG_ENABLE_OBJC_WEAK = YES;
				CLANG_WARN_BLOCK_CAPTURE_AUTORELEASING = YES;
				CLANG_WARN_BOOL_CONVERSION = YES;
				CLANG_WARN_COMMA = YES;
				CLANG_WARN_CONSTANT_CONVERSION = YES;
				CLANG_WARN_DEPRECATED_OBJC_IMPLEMENTATIONS = YES;
				CLANG_WARN_DIRECT_OBJC_ISA_USAGE = YES_ERROR;
				CLANG_WARN_DOCUMENTATION_COMMENTS = YES;
				CLANG_WARN_EMPTY_BODY = YES;
				CLANG_WARN_ENUM_CONVERSION = YES;
				CLANG_WARN_INFINITE_RECURSION = YES;
				CLANG_WARN_INT_CONVERSION = YES;
				CLANG_WARN_NON_LITERAL_NULL_CONVERSION = YES;
				CLANG_WARN_OBJC_IMPLICIT_RETAIN_SELF = YES;
				CLANG_WARN_OBJC_LITERAL_CONVERSION = YES;
				CLANG_WARN_OBJC_ROOT_CLASS = YES_ERROR;
				CLANG_WARN_QUOTED_INCLUDE_IN_FRAMEWORK_HEADER = YES;
				CLANG_WARN_RANGE_LOOP_ANALYSIS = YES;
				CLANG_WARN_STRICT_PROTOTYPES = YES;
				CLANG_WARN_SUSPICIOUS_MOVE = YES;
				CLANG_WARN_UNGUARDED_AVAILABILITY = YES_AGGRESSIVE;
				CLANG_WARN_UNREACHABLE_CODE = YES;
				CLANG_WARN__DUPLICATE_METHOD_MATCH = YES;
				COPY_PHASE_STRIP = NO;
				DEBUG_INFORMATION_FORMAT = dwarf;
				ENABLE_STRICT_OBJC_MSGSEND = YES;
				ENABLE_TESTABILITY = YES;
				GCC_C_LANGUAGE_STANDARD = gnu11;
				GCC_DYNAMIC_NO_PIC = NO;
				GCC_NO_COMMON_BLOCKS = YES;
				GCC_OPTIMIZATION_LEVEL = 0;
				GCC_PREPROCESSOR_DEFINITIONS = (
					"DEBUG=1",
					"$(inherited)",
				);
				GCC_WARN_64_TO_32_BIT_CONVERSION = YES;
				GCC_WARN_ABOUT_RETURN_TYPE = YES_ERROR;
				GCC_WARN_UNDECLARED_SELECTOR = YES;
				GCC_WARN_UNINITIALIZED_AUTOS = YES_AGGRESSIVE;
				GCC_WARN_UNUSED_FUNCTION = YES;
				GCC_WARN_UNUSED_VARIABLE = YES;
				IPHONEOS_DEPLOYMENT_TARGET = 16.4;
				MTL_ENABLE_DEBUG_INFO = INCLUDE_SOURCE;
				MTL_FAST_MATH = YES;
				ONLY_ACTIVE_ARCH = YES;
				SDKROOT = iphoneos;
				SWIFT_ACTIVE_COMPILATION_CONDITIONS = DEBUG;
				SWIFT_OPTIMIZATION_LEVEL = "-Onone";
			};
			name = Debug;
		};
		A17C9DDF29D84F8800413796 /* Release */ = {
			isa = XCBuildConfiguration;
			buildSettings = {
				ALWAYS_SEARCH_USER_PATHS = NO;
				CLANG_ANALYZER_NONNULL = YES;
				CLANG_ANALYZER_NUMBER_OBJECT_CONVERSION = YES_AGGRESSIVE;
				CLANG_CXX_LANGUAGE_STANDARD = "gnu++20";
				CLANG_ENABLE_MODULES = YES;
				CLANG_ENABLE_OBJC_ARC = YES;
				CLANG_ENABLE_OBJC_WEAK = YES;
				CLANG_WARN_BLOCK_CAPTURE_AUTORELEASING = YES;
				CLANG_WARN_BOOL_CONVERSION = YES;
				CLANG_WARN_COMMA = YES;
				CLANG_WARN_CONSTANT_CONVERSION = YES;
				CLANG_WARN_DEPRECATED_OBJC_IMPLEMENTATIONS = YES;
				CLANG_WARN_DIRECT_OBJC_ISA_USAGE = YES_ERROR;
				CLANG_WARN_DOCUMENTATION_COMMENTS = YES;
				CLANG_WARN_EMPTY_BODY = YES;
				CLANG_WARN_ENUM_CONVERSION = YES;
				CLANG_WARN_INFINITE_RECURSION = YES;
				CLANG_WARN_INT_CONVERSION = YES;
				CLANG_WARN_NON_LITERAL_NULL_CONVERSION = YES;
				CLANG_WARN_OBJC_IMPLICIT_RETAIN_SELF = YES;
				CLANG_WARN_OBJC_LITERAL_CONVERSION = YES;
				CLANG_WARN_OBJC_ROOT_CLASS = YES_ERROR;
				CLANG_WARN_QUOTED_INCLUDE_IN_FRAMEWORK_HEADER = YES;
				CLANG_WARN_RANGE_LOOP_ANALYSIS = YES;
				CLANG_WARN_STRICT_PROTOTYPES = YES;
				CLANG_WARN_SUSPICIOUS_MOVE = YES;
				CLANG_WARN_UNGUARDED_AVAILABILITY = YES_AGGRESSIVE;
				CLANG_WARN_UNREACHABLE_CODE = YES;
				CLANG_WARN__DUPLICATE_METHOD_MATCH = YES;
				COPY_PHASE_STRIP = NO;
				DEBUG_INFORMATION_FORMAT = "dwarf-with-dsym";
				ENABLE_NS_ASSERTIONS = NO;
				ENABLE_STRICT_OBJC_MSGSEND = YES;
				GCC_C_LANGUAGE_STANDARD = gnu11;
				GCC_NO_COMMON_BLOCKS = YES;
				GCC_WARN_64_TO_32_BIT_CONVERSION = YES;
				GCC_WARN_ABOUT_RETURN_TYPE = YES_ERROR;
				GCC_WARN_UNDECLARED_SELECTOR = YES;
				GCC_WARN_UNINITIALIZED_AUTOS = YES_AGGRESSIVE;
				GCC_WARN_UNUSED_FUNCTION = YES;
				GCC_WARN_UNUSED_VARIABLE = YES;
				IPHONEOS_DEPLOYMENT_TARGET = 16.4;
				MTL_ENABLE_DEBUG_INFO = NO;
				MTL_FAST_MATH = YES;
				SDKROOT = iphoneos;
				SWIFT_COMPILATION_MODE = wholemodule;
				SWIFT_OPTIMIZATION_LEVEL = "-O";
				VALIDATE_PRODUCT = YES;
			};
			name = Release;
		};
		A17C9DE129D84F8800413796 /* Debug */ = {
			isa = XCBuildConfiguration;
			buildSettings = {
				ASSETCATALOG_COMPILER_APPICON_NAME = AppIcon;
				ASSETCATALOG_COMPILER_GLOBAL_ACCENT_COLOR_NAME = AccentColor;
				CODE_SIGN_STYLE = Automatic;
				CURRENT_PROJECT_VERSION = 1;
				DEVELOPMENT_TEAM = Z262BFFWGC;
				GENERATE_INFOPLIST_FILE = YES;
				INFOPLIST_FILE = FilmFusion/Resources/Info.plist;
				INFOPLIST_KEY_CFBundleDisplayName = FilmFusion;
				INFOPLIST_KEY_LSApplicationCategoryType = "public.app-category.entertainment";
				INFOPLIST_KEY_UIApplicationSupportsIndirectInputEvents = YES;
				INFOPLIST_KEY_UILaunchStoryboardName = LaunchScreen;
				INFOPLIST_KEY_UISupportedInterfaceOrientations = UIInterfaceOrientationPortrait;
				INFOPLIST_KEY_UISupportedInterfaceOrientations_iPad = "UIInterfaceOrientationLandscapeLeft UIInterfaceOrientationLandscapeRight UIInterfaceOrientationPortrait UIInterfaceOrientationPortraitUpsideDown";
				IPHONEOS_DEPLOYMENT_TARGET = 13.6;
				LD_RUNPATH_SEARCH_PATHS = (
					"$(inherited)",
					"@executable_path/Frameworks",
				);
				MARKETING_VERSION = 1.0;
				PRODUCT_BUNDLE_IDENTIFIER = alexrodionby.FilmFusion;
				PRODUCT_NAME = "$(TARGET_NAME)";
				SUPPORTED_PLATFORMS = "iphoneos iphonesimulator";
				SUPPORTS_MACCATALYST = NO;
				SUPPORTS_MAC_DESIGNED_FOR_IPHONE_IPAD = NO;
				SWIFT_EMIT_LOC_STRINGS = YES;
				SWIFT_VERSION = 5.0;
				TARGETED_DEVICE_FAMILY = 1;
			};
			name = Debug;
		};
		A17C9DE229D84F8800413796 /* Release */ = {
			isa = XCBuildConfiguration;
			buildSettings = {
				ASSETCATALOG_COMPILER_APPICON_NAME = AppIcon;
				ASSETCATALOG_COMPILER_GLOBAL_ACCENT_COLOR_NAME = AccentColor;
				CODE_SIGN_STYLE = Automatic;
				CURRENT_PROJECT_VERSION = 1;
				DEVELOPMENT_TEAM = Z262BFFWGC;
				GENERATE_INFOPLIST_FILE = YES;
				INFOPLIST_FILE = FilmFusion/Resources/Info.plist;
				INFOPLIST_KEY_CFBundleDisplayName = FilmFusion;
				INFOPLIST_KEY_LSApplicationCategoryType = "public.app-category.entertainment";
				INFOPLIST_KEY_UIApplicationSupportsIndirectInputEvents = YES;
				INFOPLIST_KEY_UILaunchStoryboardName = LaunchScreen;
				INFOPLIST_KEY_UISupportedInterfaceOrientations = UIInterfaceOrientationPortrait;
				INFOPLIST_KEY_UISupportedInterfaceOrientations_iPad = "UIInterfaceOrientationLandscapeLeft UIInterfaceOrientationLandscapeRight UIInterfaceOrientationPortrait UIInterfaceOrientationPortraitUpsideDown";
				IPHONEOS_DEPLOYMENT_TARGET = 13.6;
				LD_RUNPATH_SEARCH_PATHS = (
					"$(inherited)",
					"@executable_path/Frameworks",
				);
				MARKETING_VERSION = 1.0;
				PRODUCT_BUNDLE_IDENTIFIER = alexrodionby.FilmFusion;
				PRODUCT_NAME = "$(TARGET_NAME)";
				SUPPORTED_PLATFORMS = "iphoneos iphonesimulator";
				SUPPORTS_MACCATALYST = NO;
				SUPPORTS_MAC_DESIGNED_FOR_IPHONE_IPAD = NO;
				SWIFT_EMIT_LOC_STRINGS = YES;
				SWIFT_VERSION = 5.0;
				TARGETED_DEVICE_FAMILY = 1;
			};
			name = Release;
		};
/* End XCBuildConfiguration section */

/* Begin XCConfigurationList section */
		A17C9DC729D84F8700413796 /* Build configuration list for PBXProject "FilmFusion" */ = {
			isa = XCConfigurationList;
			buildConfigurations = (
				A17C9DDE29D84F8800413796 /* Debug */,
				A17C9DDF29D84F8800413796 /* Release */,
			);
			defaultConfigurationIsVisible = 0;
			defaultConfigurationName = Release;
		};
		A17C9DE029D84F8800413796 /* Build configuration list for PBXNativeTarget "FilmFusion" */ = {
			isa = XCConfigurationList;
			buildConfigurations = (
				A17C9DE129D84F8800413796 /* Debug */,
				A17C9DE229D84F8800413796 /* Release */,
			);
			defaultConfigurationIsVisible = 0;
			defaultConfigurationName = Release;
		};
/* End XCConfigurationList section */

/* Begin XCRemoteSwiftPackageReference section */
		2C6D90D129DC6D6500FC34BB /* XCRemoteSwiftPackageReference "realm-swift" */ = {
			isa = XCRemoteSwiftPackageReference;
			repositoryURL = "https://github.com/realm/realm-swift.git";
			requirement = {
				kind = upToNextMajorVersion;
				minimumVersion = 10.0.0;
			};
		};
		2C6D90D629DC6D7200FC34BB /* XCRemoteSwiftPackageReference "SnapKit" */ = {
			isa = XCRemoteSwiftPackageReference;
			repositoryURL = "https://github.com/SnapKit/SnapKit.git";
			requirement = {
				kind = upToNextMajorVersion;
				minimumVersion = 5.0.0;
			};
		};
		A1CD8ECE29DCA2D100E7F6B6 /* XCRemoteSwiftPackageReference "firebase-ios-sdk" */ = {
			isa = XCRemoteSwiftPackageReference;
			repositoryURL = "https://github.com/firebase/firebase-ios-sdk";
			requirement = {
				kind = upToNextMajorVersion;
				minimumVersion = 10.0.0;
			};
		};
		A1CD8EDF29DCA88000E7F6B6 /* XCRemoteSwiftPackageReference "Kingfisher" */ = {
			isa = XCRemoteSwiftPackageReference;
			repositoryURL = "https://github.com/onevcat/Kingfisher.git";
			requirement = {
				kind = upToNextMajorVersion;
				minimumVersion = 7.0.0;
			};
		};
/* End XCRemoteSwiftPackageReference section */

/* Begin XCSwiftPackageProductDependency section */
		2C6D90D229DC6D6500FC34BB /* Realm */ = {
			isa = XCSwiftPackageProductDependency;
			package = 2C6D90D129DC6D6500FC34BB /* XCRemoteSwiftPackageReference "realm-swift" */;
			productName = Realm;
		};
		2C6D90D429DC6D6500FC34BB /* RealmSwift */ = {
			isa = XCSwiftPackageProductDependency;
			package = 2C6D90D129DC6D6500FC34BB /* XCRemoteSwiftPackageReference "realm-swift" */;
			productName = RealmSwift;
		};
		2C6D90D729DC6D7200FC34BB /* SnapKit */ = {
			isa = XCSwiftPackageProductDependency;
			package = 2C6D90D629DC6D7200FC34BB /* XCRemoteSwiftPackageReference "SnapKit" */;
			productName = SnapKit;
		};
		A1CD8ECF29DCA2D100E7F6B6 /* FirebaseAnalytics */ = {
			isa = XCSwiftPackageProductDependency;
			package = A1CD8ECE29DCA2D100E7F6B6 /* XCRemoteSwiftPackageReference "firebase-ios-sdk" */;
			productName = FirebaseAnalytics;
		};
		A1CD8ED129DCA2D100E7F6B6 /* FirebaseAnalyticsSwift */ = {
			isa = XCSwiftPackageProductDependency;
			package = A1CD8ECE29DCA2D100E7F6B6 /* XCRemoteSwiftPackageReference "firebase-ios-sdk" */;
			productName = FirebaseAnalyticsSwift;
		};
		A1CD8ED329DCA2D100E7F6B6 /* FirebaseAuth */ = {
			isa = XCSwiftPackageProductDependency;
			package = A1CD8ECE29DCA2D100E7F6B6 /* XCRemoteSwiftPackageReference "firebase-ios-sdk" */;
			productName = FirebaseAuth;
		};
		A1CD8ED529DCA2D100E7F6B6 /* FirebaseDatabase */ = {
			isa = XCSwiftPackageProductDependency;
			package = A1CD8ECE29DCA2D100E7F6B6 /* XCRemoteSwiftPackageReference "firebase-ios-sdk" */;
			productName = FirebaseDatabase;
		};
		A1CD8ED729DCA2D100E7F6B6 /* FirebaseDatabaseSwift */ = {
			isa = XCSwiftPackageProductDependency;
			package = A1CD8ECE29DCA2D100E7F6B6 /* XCRemoteSwiftPackageReference "firebase-ios-sdk" */;
			productName = FirebaseDatabaseSwift;
		};
		A1CD8ED929DCA2D100E7F6B6 /* FirebaseFirestore */ = {
			isa = XCSwiftPackageProductDependency;
			package = A1CD8ECE29DCA2D100E7F6B6 /* XCRemoteSwiftPackageReference "firebase-ios-sdk" */;
			productName = FirebaseFirestore;
		};
		A1CD8EDB29DCA2D100E7F6B6 /* FirebaseFirestoreSwift */ = {
			isa = XCSwiftPackageProductDependency;
			package = A1CD8ECE29DCA2D100E7F6B6 /* XCRemoteSwiftPackageReference "firebase-ios-sdk" */;
			productName = FirebaseFirestoreSwift;
		};
		A1CD8EDD29DCA2D100E7F6B6 /* FirebaseStorage */ = {
			isa = XCSwiftPackageProductDependency;
			package = A1CD8ECE29DCA2D100E7F6B6 /* XCRemoteSwiftPackageReference "firebase-ios-sdk" */;
			productName = FirebaseStorage;
		};
		A1CD8EE029DCA88000E7F6B6 /* Kingfisher */ = {
			isa = XCSwiftPackageProductDependency;
			package = A1CD8EDF29DCA88000E7F6B6 /* XCRemoteSwiftPackageReference "Kingfisher" */;
			productName = Kingfisher;
		};
/* End XCSwiftPackageProductDependency section */
	};
	rootObject = A17C9DC429D84F8700413796 /* Project object */;
}
